
Microsoft Visual Studio Solution File, Format Version 12.00
# Visual Studio Version 16
VisualStudioVersion = 16.0.31515.178
MinimumVisualStudioVersion = 10.0.40219.1
Project("{888888A0-9F3D-457C-B088-3A5042F75D52}") = "CIS261Lab", "CIS261Lab.pyproj", "{EB11ADA3-9BC2-4973-976B-002895D076CC}"
EndProject
Global
	GlobalSection(SolutionConfigurationPlatforms) = preSolution
		Debug|Any CPU = Debug|Any CPU
		Release|Any CPU = Release|Any CPU
	EndGlobalSection
	GlobalSection(ProjectConfigurationPlatforms) = postSolution
		{EB11ADA3-9BC2-4973-976B-002895D076CC}.Debug|Any CPU.ActiveCfg = Debug|Any CPU
		{EB11ADA3-9BC2-4973-976B-002895D076CC}.Release|Any CPU.ActiveCfg = Release|Any CPU
	EndGlobalSection
	GlobalSection(SolutionProperties) = preSolution
		HideSolutionNode = FALSE
	EndGlobalSection
	GlobalSection(ExtensibilityGlobals) = postSolution
		SolutionGuid = {F65282D0-08C2-4088-82FB-466922F0E28A}
	EndGlobalSection
EndGlobal
